
Microsoft Visual Studio Solution File, Format Version 12.00
# Visual Studio Version 16
VisualStudioVersion = 16.0.28917.181
MinimumVisualStudioVersion = 15.0.26124.0
Project("{2150E333-8FDC-42A3-9474-1A3956D46DE8}") = "src", "src", "{E3B590F2-0BE3-44A3-A864-2B67EAA9467A}"
EndProject
Project("{9A19103F-16F7-4668-BE54-9A1E7A4F7556}") = "Cinder.Indexer", "src\Cinder.Indexer\Cinder.Indexer.csproj", "{9EF1AEAC-3D36-4840-8D7C-86F2C9F5DD40}"
EndProject
Project("{9A19103F-16F7-4668-BE54-9A1E7A4F7556}") = "Cinder.Documents", "src\Cinder.Documents\Cinder.Documents.csproj", "{8BE9B33D-62D4-4952-A146-7E3E5EF1157C}"
EndProject
Project("{9A19103F-16F7-4668-BE54-9A1E7A4F7556}") = "Cinder.Messages", "src\Cinder.Messages\Cinder.Messages.csproj", "{3F94E818-A9B6-4507-A40E-92C0699776F9}"
EndProject
Project("{9A19103F-16F7-4668-BE54-9A1E7A4F7556}") = "Cinder.Api", "src\Cinder.Api\Cinder.Api.csproj", "{232DA0FC-60D1-4693-85EA-DE3A9AB57401}"
EndProject
Project("{FAE04EC0-301F-11D3-BF4B-00C04F79EFBC}") = "Cinder.Data", "src\Cinder.Data\Cinder.Data.csproj", "{714E5C98-3058-4C0C-9847-EC10DF73B20D}"
EndProject
Project("{9A19103F-16F7-4668-BE54-9A1E7A4F7556}") = "Cinder.Core", "src\Cinder.Core\Cinder.Core.csproj", "{C8EE1C68-B830-494C-AE7E-5D1C2FC36EDF}"
EndProject
Global
	GlobalSection(SolutionConfigurationPlatforms) = preSolution
		Debug|Any CPU = Debug|Any CPU
		Debug|x64 = Debug|x64
		Debug|x86 = Debug|x86
		Release|Any CPU = Release|Any CPU
		Release|x64 = Release|x64
		Release|x86 = Release|x86
	EndGlobalSection
	GlobalSection(ProjectConfigurationPlatforms) = postSolution
		{9EF1AEAC-3D36-4840-8D7C-86F2C9F5DD40}.Debug|Any CPU.ActiveCfg = Debug|Any CPU
		{9EF1AEAC-3D36-4840-8D7C-86F2C9F5DD40}.Debug|Any CPU.Build.0 = Debug|Any CPU
		{9EF1AEAC-3D36-4840-8D7C-86F2C9F5DD40}.Debug|x64.ActiveCfg = Debug|Any CPU
		{9EF1AEAC-3D36-4840-8D7C-86F2C9F5DD40}.Debug|x64.Build.0 = Debug|Any CPU
		{9EF1AEAC-3D36-4840-8D7C-86F2C9F5DD40}.Debug|x86.ActiveCfg = Debug|Any CPU
		{9EF1AEAC-3D36-4840-8D7C-86F2C9F5DD40}.Debug|x86.Build.0 = Debug|Any CPU
		{9EF1AEAC-3D36-4840-8D7C-86F2C9F5DD40}.Release|Any CPU.ActiveCfg = Release|Any CPU
		{9EF1AEAC-3D36-4840-8D7C-86F2C9F5DD40}.Release|Any CPU.Build.0 = Release|Any CPU
		{9EF1AEAC-3D36-4840-8D7C-86F2C9F5DD40}.Release|x64.ActiveCfg = Release|Any CPU
		{9EF1AEAC-3D36-4840-8D7C-86F2C9F5DD40}.Release|x64.Build.0 = Release|Any CPU
		{9EF1AEAC-3D36-4840-8D7C-86F2C9F5DD40}.Release|x86.ActiveCfg = Release|Any CPU
		{9EF1AEAC-3D36-4840-8D7C-86F2C9F5DD40}.Release|x86.Build.0 = Release|Any CPU
		{8BE9B33D-62D4-4952-A146-7E3E5EF1157C}.Debug|Any CPU.ActiveCfg = Debug|Any CPU
		{8BE9B33D-62D4-4952-A146-7E3E5EF1157C}.Debug|Any CPU.Build.0 = Debug|Any CPU
		{8BE9B33D-62D4-4952-A146-7E3E5EF1157C}.Debug|x64.ActiveCfg = Debug|Any CPU
		{8BE9B33D-62D4-4952-A146-7E3E5EF1157C}.Debug|x64.Build.0 = Debug|Any CPU
		{8BE9B33D-62D4-4952-A146-7E3E5EF1157C}.Debug|x86.ActiveCfg = Debug|Any CPU
		{8BE9B33D-62D4-4952-A146-7E3E5EF1157C}.Debug|x86.Build.0 = Debug|Any CPU
		{8BE9B33D-62D4-4952-A146-7E3E5EF1157C}.Release|Any CPU.ActiveCfg = Release|Any CPU
		{8BE9B33D-62D4-4952-A146-7E3E5EF1157C}.Release|Any CPU.Build.0 = Release|Any CPU
		{8BE9B33D-62D4-4952-A146-7E3E5EF1157C}.Release|x64.ActiveCfg = Release|Any CPU
		{8BE9B33D-62D4-4952-A146-7E3E5EF1157C}.Release|x64.Build.0 = Release|Any CPU
		{8BE9B33D-62D4-4952-A146-7E3E5EF1157C}.Release|x86.ActiveCfg = Release|Any CPU
		{8BE9B33D-62D4-4952-A146-7E3E5EF1157C}.Release|x86.Build.0 = Release|Any CPU
		{3F94E818-A9B6-4507-A40E-92C0699776F9}.Debug|Any CPU.ActiveCfg = Debug|Any CPU
		{3F94E818-A9B6-4507-A40E-92C0699776F9}.Debug|Any CPU.Build.0 = Debug|Any CPU
		{3F94E818-A9B6-4507-A40E-92C0699776F9}.Debug|x64.ActiveCfg = Debug|Any CPU
		{3F94E818-A9B6-4507-A40E-92C0699776F9}.Debug|x64.Build.0 = Debug|Any CPU
		{3F94E818-A9B6-4507-A40E-92C0699776F9}.Debug|x86.ActiveCfg = Debug|Any CPU
		{3F94E818-A9B6-4507-A40E-92C0699776F9}.Debug|x86.Build.0 = Debug|Any CPU
		{3F94E818-A9B6-4507-A40E-92C0699776F9}.Release|Any CPU.ActiveCfg = Release|Any CPU
		{3F94E818-A9B6-4507-A40E-92C0699776F9}.Release|Any CPU.Build.0 = Release|Any CPU
		{3F94E818-A9B6-4507-A40E-92C0699776F9}.Release|x64.ActiveCfg = Release|Any CPU
		{3F94E818-A9B6-4507-A40E-92C0699776F9}.Release|x64.Build.0 = Release|Any CPU
		{3F94E818-A9B6-4507-A40E-92C0699776F9}.Release|x86.ActiveCfg = Release|Any CPU
		{3F94E818-A9B6-4507-A40E-92C0699776F9}.Release|x86.Build.0 = Release|Any CPU
		{232DA0FC-60D1-4693-85EA-DE3A9AB57401}.Debug|Any CPU.ActiveCfg = Debug|Any CPU
		{232DA0FC-60D1-4693-85EA-DE3A9AB57401}.Debug|Any CPU.Build.0 = Debug|Any CPU
		{232DA0FC-60D1-4693-85EA-DE3A9AB57401}.Debug|x64.ActiveCfg = Debug|Any CPU
		{232DA0FC-60D1-4693-85EA-DE3A9AB57401}.Debug|x64.Build.0 = Debug|Any CPU
		{232DA0FC-60D1-4693-85EA-DE3A9AB57401}.Debug|x86.ActiveCfg = Debug|Any CPU
		{232DA0FC-60D1-4693-85EA-DE3A9AB57401}.Debug|x86.Build.0 = Debug|Any CPU
		{232DA0FC-60D1-4693-85EA-DE3A9AB57401}.Release|Any CPU.ActiveCfg = Release|Any CPU
		{232DA0FC-60D1-4693-85EA-DE3A9AB57401}.Release|Any CPU.Build.0 = Release|Any CPU
		{232DA0FC-60D1-4693-85EA-DE3A9AB57401}.Release|x64.ActiveCfg = Release|Any CPU
		{232DA0FC-60D1-4693-85EA-DE3A9AB57401}.Release|x64.Build.0 = Release|Any CPU
		{232DA0FC-60D1-4693-85EA-DE3A9AB57401}.Release|x86.ActiveCfg = Release|Any CPU
		{232DA0FC-60D1-4693-85EA-DE3A9AB57401}.Release|x86.Build.0 = Release|Any CPU
		{714E5C98-3058-4C0C-9847-EC10DF73B20D}.Debug|Any CPU.ActiveCfg = Debug|Any CPU
		{714E5C98-3058-4C0C-9847-EC10DF73B20D}.Debug|Any CPU.Build.0 = Debug|Any CPU
		{714E5C98-3058-4C0C-9847-EC10DF73B20D}.Debug|x64.ActiveCfg = Debug|Any CPU
		{714E5C98-3058-4C0C-9847-EC10DF73B20D}.Debug|x64.Build.0 = Debug|Any CPU
		{714E5C98-3058-4C0C-9847-EC10DF73B20D}.Debug|x86.ActiveCfg = Debug|Any CPU
		{714E5C98-3058-4C0C-9847-EC10DF73B20D}.Debug|x86.Build.0 = Debug|Any CPU
		{714E5C98-3058-4C0C-9847-EC10DF73B20D}.Release|Any CPU.ActiveCfg = Release|Any CPU
		{714E5C98-3058-4C0C-9847-EC10DF73B20D}.Release|Any CPU.Build.0 = Release|Any CPU
		{714E5C98-3058-4C0C-9847-EC10DF73B20D}.Release|x64.ActiveCfg = Release|Any CPU
		{714E5C98-3058-4C0C-9847-EC10DF73B20D}.Release|x64.Build.0 = Release|Any CPU
		{714E5C98-3058-4C0C-9847-EC10DF73B20D}.Release|x86.ActiveCfg = Release|Any CPU
		{714E5C98-3058-4C0C-9847-EC10DF73B20D}.Release|x86.Build.0 = Release|Any CPU
		{C8EE1C68-B830-494C-AE7E-5D1C2FC36EDF}.Debug|Any CPU.ActiveCfg = Debug|Any CPU
		{C8EE1C68-B830-494C-AE7E-5D1C2FC36EDF}.Debug|Any CPU.Build.0 = Debug|Any CPU
		{C8EE1C68-B830-494C-AE7E-5D1C2FC36EDF}.Debug|x64.ActiveCfg = Debug|Any CPU
		{C8EE1C68-B830-494C-AE7E-5D1C2FC36EDF}.Debug|x64.Build.0 = Debug|Any CPU
		{C8EE1C68-B830-494C-AE7E-5D1C2FC36EDF}.Debug|x86.ActiveCfg = Debug|Any CPU
		{C8EE1C68-B830-494C-AE7E-5D1C2FC36EDF}.Debug|x86.Build.0 = Debug|Any CPU
		{C8EE1C68-B830-494C-AE7E-5D1C2FC36EDF}.Release|Any CPU.ActiveCfg = Release|Any CPU
		{C8EE1C68-B830-494C-AE7E-5D1C2FC36EDF}.Release|Any CPU.Build.0 = Release|Any CPU
		{C8EE1C68-B830-494C-AE7E-5D1C2FC36EDF}.Release|x64.ActiveCfg = Release|Any CPU
		{C8EE1C68-B830-494C-AE7E-5D1C2FC36EDF}.Release|x64.Build.0 = Release|Any CPU
		{C8EE1C68-B830-494C-AE7E-5D1C2FC36EDF}.Release|x86.ActiveCfg = Release|Any CPU
		{C8EE1C68-B830-494C-AE7E-5D1C2FC36EDF}.Release|x86.Build.0 = Release|Any CPU
	EndGlobalSection
	GlobalSection(SolutionProperties) = preSolution
		HideSolutionNode = FALSE
	EndGlobalSection
	GlobalSection(NestedProjects) = preSolution
		{9EF1AEAC-3D36-4840-8D7C-86F2C9F5DD40} = {E3B590F2-0BE3-44A3-A864-2B67EAA9467A}
		{8BE9B33D-62D4-4952-A146-7E3E5EF1157C} = {E3B590F2-0BE3-44A3-A864-2B67EAA9467A}
		{3F94E818-A9B6-4507-A40E-92C0699776F9} = {E3B590F2-0BE3-44A3-A864-2B67EAA9467A}
		{232DA0FC-60D1-4693-85EA-DE3A9AB57401} = {E3B590F2-0BE3-44A3-A864-2B67EAA9467A}
		{714E5C98-3058-4C0C-9847-EC10DF73B20D} = {E3B590F2-0BE3-44A3-A864-2B67EAA9467A}
		{C8EE1C68-B830-494C-AE7E-5D1C2FC36EDF} = {E3B590F2-0BE3-44A3-A864-2B67EAA9467A}
	EndGlobalSection
	GlobalSection(ExtensibilityGlobals) = postSolution
		SolutionGuid = {B8C3070B-22C5-4AD6-AE66-DC081781EDCD}
	EndGlobalSection
EndGlobal
