
Microsoft Visual Studio Solution File, Format Version 12.00
# Visual Studio 15
VisualStudioVersion = 15.0.28010.2036
MinimumVisualStudioVersion = 10.0.40219.1
Project("{2150E333-8FDC-42A3-9474-1A3956D46DE8}") = "src", "src", "{27511ECC-6629-464D-B81C-F2369BD6EDBB}"
EndProject
Project("{9A19103F-16F7-4668-BE54-9A1E7A4F7556}") = "EllaX.Core", "src\EllaX.Core\EllaX.Core.csproj", "{35639940-DA9B-4461-A65B-0F29F2A153E8}"
EndProject
Project("{9A19103F-16F7-4668-BE54-9A1E7A4F7556}") = "EllaX.Api", "src\EllaX.Api\EllaX.Api.csproj", "{3A6F9209-1A94-4CF3-806D-C3AE4CF8A3F3}"
EndProject
Project("{9A19103F-16F7-4668-BE54-9A1E7A4F7556}") = "EllaX.Logic", "src\EllaX.Logic\EllaX.Logic.csproj", "{04B69569-3076-4753-B156-D7B68EB16A1F}"
EndProject
Project("{9A19103F-16F7-4668-BE54-9A1E7A4F7556}") = "EllaX.Data", "src\EllaX.Data\EllaX.Data.csproj", "{C43C30B3-67A7-4721-A808-82D7B751256F}"
EndProject
Project("{9A19103F-16F7-4668-BE54-9A1E7A4F7556}") = "EllaX.Clients", "src\EllaX.Clients\EllaX.Clients.csproj", "{BBC6B542-7671-44C1-905E-D9D78E351E83}"
EndProject
Project("{9A19103F-16F7-4668-BE54-9A1E7A4F7556}") = "EllaX.Logic.Indexing", "src\EllaX.Logic.Indexing\EllaX.Logic.Indexing.csproj", "{877BEBD1-161B-4203-96BC-E931B0D94B08}"
EndProject
Global
	GlobalSection(SolutionConfigurationPlatforms) = preSolution
		Debug|Any CPU = Debug|Any CPU
		Release|Any CPU = Release|Any CPU
	EndGlobalSection
	GlobalSection(ProjectConfigurationPlatforms) = postSolution
		{35639940-DA9B-4461-A65B-0F29F2A153E8}.Debug|Any CPU.ActiveCfg = Debug|Any CPU
		{35639940-DA9B-4461-A65B-0F29F2A153E8}.Debug|Any CPU.Build.0 = Debug|Any CPU
		{35639940-DA9B-4461-A65B-0F29F2A153E8}.Release|Any CPU.ActiveCfg = Release|Any CPU
		{35639940-DA9B-4461-A65B-0F29F2A153E8}.Release|Any CPU.Build.0 = Release|Any CPU
		{3A6F9209-1A94-4CF3-806D-C3AE4CF8A3F3}.Debug|Any CPU.ActiveCfg = Debug|Any CPU
		{3A6F9209-1A94-4CF3-806D-C3AE4CF8A3F3}.Debug|Any CPU.Build.0 = Debug|Any CPU
		{3A6F9209-1A94-4CF3-806D-C3AE4CF8A3F3}.Release|Any CPU.ActiveCfg = Release|Any CPU
		{3A6F9209-1A94-4CF3-806D-C3AE4CF8A3F3}.Release|Any CPU.Build.0 = Release|Any CPU
		{04B69569-3076-4753-B156-D7B68EB16A1F}.Debug|Any CPU.ActiveCfg = Debug|Any CPU
		{04B69569-3076-4753-B156-D7B68EB16A1F}.Debug|Any CPU.Build.0 = Debug|Any CPU
		{04B69569-3076-4753-B156-D7B68EB16A1F}.Release|Any CPU.ActiveCfg = Release|Any CPU
		{04B69569-3076-4753-B156-D7B68EB16A1F}.Release|Any CPU.Build.0 = Release|Any CPU
		{C43C30B3-67A7-4721-A808-82D7B751256F}.Debug|Any CPU.ActiveCfg = Debug|Any CPU
		{C43C30B3-67A7-4721-A808-82D7B751256F}.Debug|Any CPU.Build.0 = Debug|Any CPU
		{C43C30B3-67A7-4721-A808-82D7B751256F}.Release|Any CPU.ActiveCfg = Release|Any CPU
		{C43C30B3-67A7-4721-A808-82D7B751256F}.Release|Any CPU.Build.0 = Release|Any CPU
		{BBC6B542-7671-44C1-905E-D9D78E351E83}.Debug|Any CPU.ActiveCfg = Debug|Any CPU
		{BBC6B542-7671-44C1-905E-D9D78E351E83}.Debug|Any CPU.Build.0 = Debug|Any CPU
		{BBC6B542-7671-44C1-905E-D9D78E351E83}.Release|Any CPU.ActiveCfg = Release|Any CPU
		{BBC6B542-7671-44C1-905E-D9D78E351E83}.Release|Any CPU.Build.0 = Release|Any CPU
		{877BEBD1-161B-4203-96BC-E931B0D94B08}.Debug|Any CPU.ActiveCfg = Debug|Any CPU
		{877BEBD1-161B-4203-96BC-E931B0D94B08}.Debug|Any CPU.Build.0 = Debug|Any CPU
		{877BEBD1-161B-4203-96BC-E931B0D94B08}.Release|Any CPU.ActiveCfg = Release|Any CPU
		{877BEBD1-161B-4203-96BC-E931B0D94B08}.Release|Any CPU.Build.0 = Release|Any CPU
	EndGlobalSection
	GlobalSection(SolutionProperties) = preSolution
		HideSolutionNode = FALSE
	EndGlobalSection
	GlobalSection(NestedProjects) = preSolution
		{35639940-DA9B-4461-A65B-0F29F2A153E8} = {27511ECC-6629-464D-B81C-F2369BD6EDBB}
		{3A6F9209-1A94-4CF3-806D-C3AE4CF8A3F3} = {27511ECC-6629-464D-B81C-F2369BD6EDBB}
		{04B69569-3076-4753-B156-D7B68EB16A1F} = {27511ECC-6629-464D-B81C-F2369BD6EDBB}
		{C43C30B3-67A7-4721-A808-82D7B751256F} = {27511ECC-6629-464D-B81C-F2369BD6EDBB}
		{BBC6B542-7671-44C1-905E-D9D78E351E83} = {27511ECC-6629-464D-B81C-F2369BD6EDBB}
		{877BEBD1-161B-4203-96BC-E931B0D94B08} = {27511ECC-6629-464D-B81C-F2369BD6EDBB}
	EndGlobalSection
	GlobalSection(ExtensibilityGlobals) = postSolution
		SolutionGuid = {53300566-A568-411F-9EA5-E2E809005A58}
	EndGlobalSection
EndGlobal
